
Microsoft Visual Studio Solution File, Format Version 12.00
# Visual Studio 14
VisualStudioVersion = 14.0.23107.0
MinimumVisualStudioVersion = 10.0.40219.1
Project("{FAE04EC0-301F-11D3-BF4B-00C04F79EFBC}") = "CSGO Demos Manager", "src\CSGO Demos Manager.csproj", "{1D6D9598-4348-4444-A8DF-A634CA0D371B}"
	ProjectSection(ProjectDependencies) = postProject
		{22A46D61-1D40-43A9-802C-B9D43DADD9EC} = {22A46D61-1D40-43A9-802C-B9D43DADD9EC}
	EndProjectSection
EndProject
Project("{FAE04EC0-301F-11D3-BF4B-00C04F79EFBC}") = "WpfPageTransitions", "WpfPageTransitions\WpfPageTransitions.csproj", "{22A46D61-1D40-43A9-802C-B9D43DADD9EC}"
EndProject
Global
	GlobalSection(SolutionConfigurationPlatforms) = preSolution
		Bitstream-Debugging|x64 = Bitstream-Debugging|x64
		Bitstream-Debugging|x86 = Bitstream-Debugging|x86
		Debug|x64 = Debug|x64
		Debug|x86 = Debug|x86
		Release|x64 = Release|x64
		Release|x86 = Release|x86
		SavePropValues|x64 = SavePropValues|x64
		SavePropValues|x86 = SavePropValues|x86
		YoloDebug|x64 = YoloDebug|x64
		YoloDebug|x86 = YoloDebug|x86
	EndGlobalSection
	GlobalSection(ProjectConfigurationPlatforms) = postSolution
		{1D6D9598-4348-4444-A8DF-A634CA0D371B}.Bitstream-Debugging|x64.ActiveCfg = Debug|Any CPU
		{1D6D9598-4348-4444-A8DF-A634CA0D371B}.Bitstream-Debugging|x64.Build.0 = Debug|Any CPU
		{1D6D9598-4348-4444-A8DF-A634CA0D371B}.Bitstream-Debugging|x86.ActiveCfg = Debug|Any CPU
		{1D6D9598-4348-4444-A8DF-A634CA0D371B}.Bitstream-Debugging|x86.Build.0 = Debug|Any CPU
		{1D6D9598-4348-4444-A8DF-A634CA0D371B}.Debug|x64.ActiveCfg = Debug|Any CPU
		{1D6D9598-4348-4444-A8DF-A634CA0D371B}.Debug|x64.Build.0 = Debug|Any CPU
		{1D6D9598-4348-4444-A8DF-A634CA0D371B}.Debug|x86.ActiveCfg = Debug|Any CPU
		{1D6D9598-4348-4444-A8DF-A634CA0D371B}.Debug|x86.Build.0 = Debug|Any CPU
		{1D6D9598-4348-4444-A8DF-A634CA0D371B}.Release|x64.ActiveCfg = Release|x64
		{1D6D9598-4348-4444-A8DF-A634CA0D371B}.Release|x64.Build.0 = Release|x64
		{1D6D9598-4348-4444-A8DF-A634CA0D371B}.Release|x86.ActiveCfg = Release|x86
		{1D6D9598-4348-4444-A8DF-A634CA0D371B}.Release|x86.Build.0 = Release|x86
		{1D6D9598-4348-4444-A8DF-A634CA0D371B}.SavePropValues|x64.ActiveCfg = Release|Any CPU
		{1D6D9598-4348-4444-A8DF-A634CA0D371B}.SavePropValues|x64.Build.0 = Release|Any CPU
		{1D6D9598-4348-4444-A8DF-A634CA0D371B}.SavePropValues|x86.ActiveCfg = Release|Any CPU
		{1D6D9598-4348-4444-A8DF-A634CA0D371B}.SavePropValues|x86.Build.0 = Release|Any CPU
		{1D6D9598-4348-4444-A8DF-A634CA0D371B}.YoloDebug|x64.ActiveCfg = Debug|Any CPU
		{1D6D9598-4348-4444-A8DF-A634CA0D371B}.YoloDebug|x64.Build.0 = Debug|Any CPU
		{1D6D9598-4348-4444-A8DF-A634CA0D371B}.YoloDebug|x86.ActiveCfg = Debug|Any CPU
		{1D6D9598-4348-4444-A8DF-A634CA0D371B}.YoloDebug|x86.Build.0 = Debug|Any CPU
		{22A46D61-1D40-43A9-802C-B9D43DADD9EC}.Bitstream-Debugging|x64.ActiveCfg = Debug|Any CPU
		{22A46D61-1D40-43A9-802C-B9D43DADD9EC}.Bitstream-Debugging|x64.Build.0 = Debug|Any CPU
		{22A46D61-1D40-43A9-802C-B9D43DADD9EC}.Bitstream-Debugging|x86.ActiveCfg = Debug|Any CPU
		{22A46D61-1D40-43A9-802C-B9D43DADD9EC}.Bitstream-Debugging|x86.Build.0 = Debug|Any CPU
		{22A46D61-1D40-43A9-802C-B9D43DADD9EC}.Debug|x64.ActiveCfg = Debug|Any CPU
		{22A46D61-1D40-43A9-802C-B9D43DADD9EC}.Debug|x64.Build.0 = Debug|Any CPU
		{22A46D61-1D40-43A9-802C-B9D43DADD9EC}.Debug|x86.ActiveCfg = Debug|Any CPU
		{22A46D61-1D40-43A9-802C-B9D43DADD9EC}.Debug|x86.Build.0 = Debug|Any CPU
		{22A46D61-1D40-43A9-802C-B9D43DADD9EC}.Release|x64.ActiveCfg = Release|x64
		{22A46D61-1D40-43A9-802C-B9D43DADD9EC}.Release|x64.Build.0 = Release|x64
		{22A46D61-1D40-43A9-802C-B9D43DADD9EC}.Release|x86.ActiveCfg = Release|x86
		{22A46D61-1D40-43A9-802C-B9D43DADD9EC}.Release|x86.Build.0 = Release|x86
		{22A46D61-1D40-43A9-802C-B9D43DADD9EC}.SavePropValues|x64.ActiveCfg = Release|Any CPU
		{22A46D61-1D40-43A9-802C-B9D43DADD9EC}.SavePropValues|x64.Build.0 = Release|Any CPU
		{22A46D61-1D40-43A9-802C-B9D43DADD9EC}.SavePropValues|x86.ActiveCfg = Release|Any CPU
		{22A46D61-1D40-43A9-802C-B9D43DADD9EC}.SavePropValues|x86.Build.0 = Release|Any CPU
		{22A46D61-1D40-43A9-802C-B9D43DADD9EC}.YoloDebug|x64.ActiveCfg = Debug|Any CPU
		{22A46D61-1D40-43A9-802C-B9D43DADD9EC}.YoloDebug|x64.Build.0 = Debug|Any CPU
		{22A46D61-1D40-43A9-802C-B9D43DADD9EC}.YoloDebug|x86.ActiveCfg = Debug|Any CPU
		{22A46D61-1D40-43A9-802C-B9D43DADD9EC}.YoloDebug|x86.Build.0 = Debug|Any CPU
	EndGlobalSection
	GlobalSection(SolutionProperties) = preSolution
		HideSolutionNode = FALSE
	EndGlobalSection
EndGlobal
