
Microsoft Visual Studio Solution File, Format Version 12.00
# Visual Studio Version 17
VisualStudioVersion = 17.1.32228.430
MinimumVisualStudioVersion = 10.0.40219.1
Project("{FAE04EC0-301F-11D3-BF4B-00C04F79EFBC}") = "Manager", "Manager\Manager.csproj", "{1D6D9598-4348-4444-A8DF-A634CA0D371B}"
	ProjectSection(ProjectDependencies) = postProject
		{496A0714-9ADF-4C56-8E93-3DFA0EBA89D1} = {496A0714-9ADF-4C56-8E93-3DFA0EBA89D1}
		{4180E444-4AA1-4564-9296-50323FE504FE} = {4180E444-4AA1-4564-9296-50323FE504FE}
		{9E6E1490-43BD-4925-8A3F-84B962828208} = {9E6E1490-43BD-4925-8A3F-84B962828208}
		{B0B2F0B5-4E7F-41AE-817F-9C0F30DA5367} = {B0B2F0B5-4E7F-41AE-817F-9C0F30DA5367}
		{22D4CFC7-6810-4C18-A353-71A49782394F} = {22D4CFC7-6810-4C18-A353-71A49782394F}
	EndProjectSection
EndProject
Project("{FAE04EC0-301F-11D3-BF4B-00C04F79EFBC}") = "DemoInfo", "demoinfo\DemoInfo\DemoInfo.csproj", "{22D4CFC7-6810-4C18-A353-71A49782394F}"
EndProject
Project("{FAE04EC0-301F-11D3-BF4B-00C04F79EFBC}") = "Bot", "Bot\Bot.csproj", "{9E6E1490-43BD-4925-8A3F-84B962828208}"
	ProjectSection(ProjectDependencies) = postProject
		{4180E444-4AA1-4564-9296-50323FE504FE} = {4180E444-4AA1-4564-9296-50323FE504FE}
	EndProjectSection
EndProject
Project("{FAE04EC0-301F-11D3-BF4B-00C04F79EFBC}") = "Core", "Core\Core.csproj", "{4180E444-4AA1-4564-9296-50323FE504FE}"
	ProjectSection(ProjectDependencies) = postProject
		{22D4CFC7-6810-4C18-A353-71A49782394F} = {22D4CFC7-6810-4C18-A353-71A49782394F}
	EndProjectSection
EndProject
Project("{FAE04EC0-301F-11D3-BF4B-00C04F79EFBC}") = "Services", "Services\Services.csproj", "{B0B2F0B5-4E7F-41AE-817F-9C0F30DA5367}"
	ProjectSection(ProjectDependencies) = postProject
		{496A0714-9ADF-4C56-8E93-3DFA0EBA89D1} = {496A0714-9ADF-4C56-8E93-3DFA0EBA89D1}
		{4180E444-4AA1-4564-9296-50323FE504FE} = {4180E444-4AA1-4564-9296-50323FE504FE}
		{22D4CFC7-6810-4C18-A353-71A49782394F} = {22D4CFC7-6810-4C18-A353-71A49782394F}
	EndProjectSection
EndProject
Project("{FAE04EC0-301F-11D3-BF4B-00C04F79EFBC}") = "Resources", "Resources\Resources.csproj", "{496A0714-9ADF-4C56-8E93-3DFA0EBA89D1}"
EndProject
Project("{2150E333-8FDC-42A3-9474-1A3956D46DE8}") = "Solution Items", "Solution Items", "{C66AD70E-28D6-47B0-BC29-816AA607A0BC}"
	ProjectSection(SolutionItems) = preProject
		.editorconfig = .editorconfig
		.gitattributes = .gitattributes
		.gitignore = .gitignore
		CSGO Demos Manager.sln.DotSettings = CSGO Demos Manager.sln.DotSettings
		LICENSE = LICENSE
		preview.jpg = preview.jpg
		README.md = README.md
		setup.iss = setup.iss
	EndProjectSection
EndProject
Project("{FAE04EC0-301F-11D3-BF4B-00C04F79EFBC}") = "CLI", "CLI\CLI.csproj", "{86541EF7-D99F-46CC-8836-020D0AE1BCE9}"
EndProject
Global
	GlobalSection(SolutionConfigurationPlatforms) = preSolution
		Debug|x86 = Debug|x86
		Release|x86 = Release|x86
	EndGlobalSection
	GlobalSection(ProjectConfigurationPlatforms) = postSolution
		{1D6D9598-4348-4444-A8DF-A634CA0D371B}.Debug|x86.ActiveCfg = Debug|x86
		{1D6D9598-4348-4444-A8DF-A634CA0D371B}.Debug|x86.Build.0 = Debug|x86
		{1D6D9598-4348-4444-A8DF-A634CA0D371B}.Release|x86.ActiveCfg = Release|x86
		{1D6D9598-4348-4444-A8DF-A634CA0D371B}.Release|x86.Build.0 = Release|x86
		{22D4CFC7-6810-4C18-A353-71A49782394F}.Debug|x86.ActiveCfg = Debug|Any CPU
		{22D4CFC7-6810-4C18-A353-71A49782394F}.Debug|x86.Build.0 = Debug|Any CPU
		{22D4CFC7-6810-4C18-A353-71A49782394F}.Release|x86.ActiveCfg = Release|Any CPU
		{22D4CFC7-6810-4C18-A353-71A49782394F}.Release|x86.Build.0 = Release|Any CPU
		{9E6E1490-43BD-4925-8A3F-84B962828208}.Debug|x86.ActiveCfg = Debug|x86
		{9E6E1490-43BD-4925-8A3F-84B962828208}.Debug|x86.Build.0 = Debug|x86
		{9E6E1490-43BD-4925-8A3F-84B962828208}.Release|x86.ActiveCfg = Release|x86
		{9E6E1490-43BD-4925-8A3F-84B962828208}.Release|x86.Build.0 = Release|x86
		{4180E444-4AA1-4564-9296-50323FE504FE}.Debug|x86.ActiveCfg = Debug|x86
		{4180E444-4AA1-4564-9296-50323FE504FE}.Debug|x86.Build.0 = Debug|x86
		{4180E444-4AA1-4564-9296-50323FE504FE}.Release|x86.ActiveCfg = Release|x86
		{4180E444-4AA1-4564-9296-50323FE504FE}.Release|x86.Build.0 = Release|x86
		{B0B2F0B5-4E7F-41AE-817F-9C0F30DA5367}.Debug|x86.ActiveCfg = Debug|x86
		{B0B2F0B5-4E7F-41AE-817F-9C0F30DA5367}.Debug|x86.Build.0 = Debug|x86
		{B0B2F0B5-4E7F-41AE-817F-9C0F30DA5367}.Release|x86.ActiveCfg = Release|x86
		{B0B2F0B5-4E7F-41AE-817F-9C0F30DA5367}.Release|x86.Build.0 = Release|x86
		{496A0714-9ADF-4C56-8E93-3DFA0EBA89D1}.Debug|x86.ActiveCfg = Debug|x86
		{496A0714-9ADF-4C56-8E93-3DFA0EBA89D1}.Debug|x86.Build.0 = Debug|x86
		{496A0714-9ADF-4C56-8E93-3DFA0EBA89D1}.Release|x86.ActiveCfg = Release|x86
		{496A0714-9ADF-4C56-8E93-3DFA0EBA89D1}.Release|x86.Build.0 = Release|x86
		{86541EF7-D99F-46CC-8836-020D0AE1BCE9}.Debug|x86.ActiveCfg = Debug|Any CPU
		{86541EF7-D99F-46CC-8836-020D0AE1BCE9}.Debug|x86.Build.0 = Debug|Any CPU
		{86541EF7-D99F-46CC-8836-020D0AE1BCE9}.Release|x86.ActiveCfg = Release|Any CPU
		{86541EF7-D99F-46CC-8836-020D0AE1BCE9}.Release|x86.Build.0 = Release|Any CPU
	EndGlobalSection
	GlobalSection(SolutionProperties) = preSolution
		HideSolutionNode = FALSE
	EndGlobalSection
	GlobalSection(ExtensibilityGlobals) = postSolution
		SolutionGuid = {1EDBB817-5CA8-485B-B5AD-AADB24F234F8}
	EndGlobalSection
EndGlobal
