
Microsoft Visual Studio Solution File, Format Version 12.00
# Visual Studio 2013
VisualStudioVersion = 12.0.30501.0
MinimumVisualStudioVersion = 10.0.40219.1
Project("{FAE04EC0-301F-11D3-BF4B-00C04F79EFBC}") = "DemoInfo", "DemoInfo\DemoInfo.csproj", "{22D4CFC7-6810-4C18-A353-71A49782394F}"
EndProject
Project("{FAE04EC0-301F-11D3-BF4B-00C04F79EFBC}") = "TestDemoPlayer", "TestDemoPlayer\TestDemoPlayer.csproj", "{D726A3C4-C9C0-46EB-A6DE-84482E316945}"
EndProject
Global
	GlobalSection(SolutionConfigurationPlatforms) = preSolution
		Debug|Any CPU = Debug|Any CPU
		Release|Any CPU = Release|Any CPU
	EndGlobalSection
	GlobalSection(ProjectConfigurationPlatforms) = postSolution
		{22D4CFC7-6810-4C18-A353-71A49782394F}.Debug|Any CPU.ActiveCfg = Debug|Any CPU
		{22D4CFC7-6810-4C18-A353-71A49782394F}.Debug|Any CPU.Build.0 = Debug|Any CPU
		{22D4CFC7-6810-4C18-A353-71A49782394F}.Release|Any CPU.ActiveCfg = Release|Any CPU
		{22D4CFC7-6810-4C18-A353-71A49782394F}.Release|Any CPU.Build.0 = Release|Any CPU
		{D726A3C4-C9C0-46EB-A6DE-84482E316945}.Debug|Any CPU.ActiveCfg = Debug|Any CPU
		{D726A3C4-C9C0-46EB-A6DE-84482E316945}.Debug|Any CPU.Build.0 = Debug|Any CPU
		{D726A3C4-C9C0-46EB-A6DE-84482E316945}.Release|Any CPU.ActiveCfg = Release|Any CPU
		{D726A3C4-C9C0-46EB-A6DE-84482E316945}.Release|Any CPU.Build.0 = Release|Any CPU
	EndGlobalSection
	GlobalSection(SolutionProperties) = preSolution
		HideSolutionNode = FALSE
	EndGlobalSection
	GlobalSection(MonoDevelopProperties) = preSolution
		StartupItem = TestDemoPlayer\TestDemoPlayer.csproj
	EndGlobalSection
EndGlobal
